// !$*UTF8*$!
{
	archiveVersion = 1;
	classes = {
	};
	objectVersion = 56;
	objects = {

/* Begin PBXBuildFile section */
		9F2796912935549800E78E36 /* Review.swift in Sources */ = {isa = PBXBuildFile; fileRef = 9F2796902935549800E78E36 /* Review.swift */; };
		9F2796972935581F00E78E36 /* ReviewView.swift in Sources */ = {isa = PBXBuildFile; fileRef = 9F2796962935581F00E78E36 /* ReviewView.swift */; };
		9F2796992936685900E78E36 /* StarsSelectionView.swift in Sources */ = {isa = PBXBuildFile; fileRef = 9F2796982936685900E78E36 /* StarsSelectionView.swift */; };
		9F27969B29367D4100E78E36 /* ReviewViewModel.swift in Sources */ = {isa = PBXBuildFile; fileRef = 9F27969A29367D4100E78E36 /* ReviewViewModel.swift */; };
		9F2C380A293B289300B88FC8 /* SpotReviewRowView.swift in Sources */ = {isa = PBXBuildFile; fileRef = 9F2C3809293B289300B88FC8 /* SpotReviewRowView.swift */; };
		9F52F43B292030FD00A1C89E /* Spot.swift in Sources */ = {isa = PBXBuildFile; fileRef = 9F52F43A292030FC00A1C89E /* Spot.swift */; };
		9F52F43D2921175C00A1C89E /* SpotDetailView.swift in Sources */ = {isa = PBXBuildFile; fileRef = 9F52F43C2921175C00A1C89E /* SpotDetailView.swift */; };
		9F52F43F29211BA300A1C89E /* SpotViewModel.swift in Sources */ = {isa = PBXBuildFile; fileRef = 9F52F43E29211BA300A1C89E /* SpotViewModel.swift */; };
		9FB9D813296988E600BF09BD /* Photo.swift in Sources */ = {isa = PBXBuildFile; fileRef = 9FB9D812296988E600BF09BD /* Photo.swift */; };
		9FB9D8152969958900BF09BD /* PhotoView.swift in Sources */ = {isa = PBXBuildFile; fileRef = 9FB9D8142969958900BF09BD /* PhotoView.swift */; };
		9FB9D8402969983400BF09BD /* daves-hot.png in Resources */ = {isa = PBXBuildFile; fileRef = 9FB9D8172969983400BF09BD /* daves-hot.png */; };
		9FB9D8412969983400BF09BD /* scicillian-pie.jpeg in Resources */ = {isa = PBXBuildFile; fileRef = 9FB9D8182969983400BF09BD /* scicillian-pie.jpeg */; };
		9FB9D8422969983400BF09BD /* Island Creek.jpg in Resources */ = {isa = PBXBuildFile; fileRef = 9FB9D8192969983400BF09BD /* Island Creek.jpg */; };
		9FB9D8432969983400BF09BD /* unhappypizza.jpg in Resources */ = {isa = PBXBuildFile; fileRef = 9FB9D81A2969983400BF09BD /* unhappypizza.jpg */; };
		9FB9D8442969983400BF09BD /* Oysters.jpg in Resources */ = {isa = PBXBuildFile; fileRef = 9FB9D81B2969983400BF09BD /* Oysters.jpg */; };
		9FB9D8452969983400BF09BD /* ShakeDog.jpg in Resources */ = {isa = PBXBuildFile; fileRef = 9FB9D81C2969983400BF09BD /* ShakeDog.jpg */; };
		9FB9D8462969983400BF09BD /* Shack Burger.jpg in Resources */ = {isa = PBXBuildFile; fileRef = 9FB9D81D2969983400BF09BD /* Shack Burger.jpg */; };
		9FB9D8472969983400BF09BD /* Sicillian.jpg in Resources */ = {isa = PBXBuildFile; fileRef = 9FB9D81E2969983400BF09BD /* Sicillian.jpg */; };
		9FB9D8482969983400BF09BD /* horchata.jpg in Resources */ = {isa = PBXBuildFile; fileRef = 9FB9D81F2969983400BF09BD /* horchata.jpg */; };
		9FB9D8492969983400BF09BD /* pinos2.jpeg in Resources */ = {isa = PBXBuildFile; fileRef = 9FB9D8202969983400BF09BD /* pinos2.jpeg */; };
		9FB9D84A2969983400BF09BD /* ep burrito.jpg in Resources */ = {isa = PBXBuildFile; fileRef = 9FB9D8212969983400BF09BD /* ep burrito.jpg */; };
		9FB9D84B2969983400BF09BD /* El Pelon.jpg in Resources */ = {isa = PBXBuildFile; fileRef = 9FB9D8222969983400BF09BD /* El Pelon.jpg */; };
		9FB9D84C2969983400BF09BD /* my-place-3.jpeg in Resources */ = {isa = PBXBuildFile; fileRef = 9FB9D8232969983400BF09BD /* my-place-3.jpeg */; };
		9FB9D84D2969983400BF09BD /* Lobster Roll.jpg in Resources */ = {isa = PBXBuildFile; fileRef = 9FB9D8242969983400BF09BD /* Lobster Roll.jpg */; };
		9FB9D84E2969983400BF09BD /* Cheese Fries.jpeg in Resources */ = {isa = PBXBuildFile; fileRef = 9FB9D8252969983400BF09BD /* Cheese Fries.jpeg */; };
		9FB9D84F2969983400BF09BD /* tacos.jpg in Resources */ = {isa = PBXBuildFile; fileRef = 9FB9D8262969983400BF09BD /* tacos.jpg */; };
		9FB9D8502969983400BF09BD /* square.jpeg in Resources */ = {isa = PBXBuildFile; fileRef = 9FB9D8272969983400BF09BD /* square.jpeg */; };
		9FB9D8512969983400BF09BD /* Fish Tacos.jpg in Resources */ = {isa = PBXBuildFile; fileRef = 9FB9D8282969983400BF09BD /* Fish Tacos.jpg */; };
		9FB9D8522969983400BF09BD /* burrito.jpg in Resources */ = {isa = PBXBuildFile; fileRef = 9FB9D8292969983400BF09BD /* burrito.jpg */; };
		9FB9D8532969983400BF09BD /* surf n turf shake shack.jpeg in Resources */ = {isa = PBXBuildFile; fileRef = 9FB9D82A2969983400BF09BD /* surf n turf shake shack.jpeg */; };
		9FB9D8542969983400BF09BD /* Shake Shack.jpg in Resources */ = {isa = PBXBuildFile; fileRef = 9FB9D82B2969983400BF09BD /* Shake Shack.jpg */; };
		9FB9D8552969983400BF09BD /* my-place-2.jpeg in Resources */ = {isa = PBXBuildFile; fileRef = 9FB9D82C2969983400BF09BD /* my-place-2.jpeg */; };
		9FB9D8562969983400BF09BD /* footballpizza.jpg in Resources */ = {isa = PBXBuildFile; fileRef = 9FB9D82D2969983400BF09BD /* footballpizza.jpg */; };
		9FB9D8572969983400BF09BD /* pizza2.jpg in Resources */ = {isa = PBXBuildFile; fileRef = 9FB9D82E2969983400BF09BD /* pizza2.jpg */; };
		9FB9D8582969983400BF09BD /* Concretes.jpg in Resources */ = {isa = PBXBuildFile; fileRef = 9FB9D82F2969983400BF09BD /* Concretes.jpg */; };
		9FB9D8592969983400BF09BD /* Chicken Pita.jpg in Resources */ = {isa = PBXBuildFile; fileRef = 9FB9D8302969983400BF09BD /* Chicken Pita.jpg */; };
		9FB9D85A2969983400BF09BD /* sea bass.jpg in Resources */ = {isa = PBXBuildFile; fileRef = 9FB9D8312969983400BF09BD /* sea bass.jpg */; };
		9FB9D85B2969983400BF09BD /* daves-hot-3.jpeg in Resources */ = {isa = PBXBuildFile; fileRef = 9FB9D8322969983400BF09BD /* daves-hot-3.jpeg */; };
		9FB9D85C2969983400BF09BD /* Shack Tray.jpg in Resources */ = {isa = PBXBuildFile; fileRef = 9FB9D8332969983400BF09BD /* Shack Tray.jpg */; };
		9FB9D85D2969983400BF09BD /* pinos.jpeg in Resources */ = {isa = PBXBuildFile; fileRef = 9FB9D8342969983400BF09BD /* pinos.jpeg */; };
		9FB9D85E2969983400BF09BD /* Shake.jpg in Resources */ = {isa = PBXBuildFile; fileRef = 9FB9D8352969983400BF09BD /* Shake.jpg */; };
		9FB9D85F2969983400BF09BD /* shaq.jpg in Resources */ = {isa = PBXBuildFile; fileRef = 9FB9D8362969983400BF09BD /* shaq.jpg */; };
		9FB9D8602969983400BF09BD /* seafood.jpg in Resources */ = {isa = PBXBuildFile; fileRef = 9FB9D8372969983400BF09BD /* seafood.jpg */; };
		9FB9D8612969983400BF09BD /* daves-hot-2.jpeg in Resources */ = {isa = PBXBuildFile; fileRef = 9FB9D8382969983400BF09BD /* daves-hot-2.jpeg */; };
		9FB9D8622969983400BF09BD /* my-place-by-the-sea.jpeg in Resources */ = {isa = PBXBuildFile; fileRef = 9FB9D8392969983400BF09BD /* my-place-by-the-sea.jpeg */; };
		9FB9D8632969983400BF09BD /* qahogs.jpg in Resources */ = {isa = PBXBuildFile; fileRef = 9FB9D83A2969983400BF09BD /* qahogs.jpg */; };
		9FB9D8642969983400BF09BD /* ShakeShack.jpg in Resources */ = {isa = PBXBuildFile; fileRef = 9FB9D83B2969983400BF09BD /* ShakeShack.jpg */; };
		9FB9D8652969983400BF09BD /* Oyster-plate.jpeg in Resources */ = {isa = PBXBuildFile; fileRef = 9FB9D83C2969983400BF09BD /* Oyster-plate.jpeg */; };
		9FB9D8662969983400BF09BD /* pizza.jpg in Resources */ = {isa = PBXBuildFile; fileRef = 9FB9D83D2969983400BF09BD /* pizza.jpg */; };
		9FB9D8672969983400BF09BD /* Sicillian with the noid.jpg in Resources */ = {isa = PBXBuildFile; fileRef = 9FB9D83E2969983400BF09BD /* Sicillian with the noid.jpg */; };
		9FB9D8682969983400BF09BD /* Oyster Slider.jpg in Resources */ = {isa = PBXBuildFile; fileRef = 9FB9D83F2969983400BF09BD /* Oyster Slider.jpg */; };
		9FC9859A292BC0F000F58E83 /* LocationManager.swift in Sources */ = {isa = PBXBuildFile; fileRef = 9FC98596292BC0F000F58E83 /* LocationManager.swift */; };
		9FC9859B292BC0F000F58E83 /* PlaceViewModel.swift in Sources */ = {isa = PBXBuildFile; fileRef = 9FC98597292BC0F000F58E83 /* PlaceViewModel.swift */; };
		9FC9859C292BC0F000F58E83 /* Place.swift in Sources */ = {isa = PBXBuildFile; fileRef = 9FC98598292BC0F000F58E83 /* Place.swift */; };
		9FC9859D292BC0F000F58E83 /* PlaceLookupView.swift in Sources */ = {isa = PBXBuildFile; fileRef = 9FC98599292BC0F000F58E83 /* PlaceLookupView.swift */; };
		9FCB425C296DD8120062EFC8 /* SpotDetailPhotosScrollView.swift in Sources */ = {isa = PBXBuildFile; fileRef = 9FCB425B296DD8120062EFC8 /* SpotDetailPhotosScrollView.swift */; };
		9FE5D84A2919780200D7B9BD /* SnacktacularUIApp.swift in Sources */ = {isa = PBXBuildFile; fileRef = 9FE5D8492919780200D7B9BD /* SnacktacularUIApp.swift */; };
		9FE5D84C2919780200D7B9BD /* LoginView.swift in Sources */ = {isa = PBXBuildFile; fileRef = 9FE5D84B2919780200D7B9BD /* LoginView.swift */; };
		9FE5D84E2919780400D7B9BD /* Assets.xcassets in Resources */ = {isa = PBXBuildFile; fileRef = 9FE5D84D2919780400D7B9BD /* Assets.xcassets */; };
		9FE5D8512919780400D7B9BD /* Preview Assets.xcassets in Resources */ = {isa = PBXBuildFile; fileRef = 9FE5D8502919780400D7B9BD /* Preview Assets.xcassets */; };
		9FE5D85A29198F9900D7B9BD /* FirebaseAuth in Frameworks */ = {isa = PBXBuildFile; productRef = 9FE5D85929198F9900D7B9BD /* FirebaseAuth */; };
		9FE5D85C29198F9900D7B9BD /* FirebaseFirestore in Frameworks */ = {isa = PBXBuildFile; productRef = 9FE5D85B29198F9900D7B9BD /* FirebaseFirestore */; };
		9FE5D85E29198F9900D7B9BD /* FirebaseFirestoreSwift in Frameworks */ = {isa = PBXBuildFile; productRef = 9FE5D85D29198F9900D7B9BD /* FirebaseFirestoreSwift */; };
		9FE5D86029198F9900D7B9BD /* FirebaseStorage in Frameworks */ = {isa = PBXBuildFile; productRef = 9FE5D85F29198F9900D7B9BD /* FirebaseStorage */; };
		9FE5D862291991C900D7B9BD /* GoogleService-Info.plist in Resources */ = {isa = PBXBuildFile; fileRef = 9FE5D861291991C900D7B9BD /* GoogleService-Info.plist */; };
		9FE5D864291BFAAB00D7B9BD /* ListView.swift in Sources */ = {isa = PBXBuildFile; fileRef = 9FE5D863291BFAAB00D7B9BD /* ListView.swift */; };
/* End PBXBuildFile section */

/* Begin PBXFileReference section */
		9F2796902935549800E78E36 /* Review.swift */ = {isa = PBXFileReference; lastKnownFileType = sourcecode.swift; path = Review.swift; sourceTree = "<group>"; };
		9F2796962935581F00E78E36 /* ReviewView.swift */ = {isa = PBXFileReference; lastKnownFileType = sourcecode.swift; path = ReviewView.swift; sourceTree = "<group>"; };
		9F2796982936685900E78E36 /* StarsSelectionView.swift */ = {isa = PBXFileReference; lastKnownFileType = sourcecode.swift; path = StarsSelectionView.swift; sourceTree = "<group>"; };
		9F27969A29367D4100E78E36 /* ReviewViewModel.swift */ = {isa = PBXFileReference; lastKnownFileType = sourcecode.swift; path = ReviewViewModel.swift; sourceTree = "<group>"; };
		9F2C3809293B289300B88FC8 /* SpotReviewRowView.swift */ = {isa = PBXFileReference; lastKnownFileType = sourcecode.swift; path = SpotReviewRowView.swift; sourceTree = "<group>"; };
		9F52F43A292030FC00A1C89E /* Spot.swift */ = {isa = PBXFileReference; lastKnownFileType = sourcecode.swift; path = Spot.swift; sourceTree = "<group>"; };
		9F52F43C2921175C00A1C89E /* SpotDetailView.swift */ = {isa = PBXFileReference; lastKnownFileType = sourcecode.swift; path = SpotDetailView.swift; sourceTree = "<group>"; };
		9F52F43E29211BA300A1C89E /* SpotViewModel.swift */ = {isa = PBXFileReference; lastKnownFileType = sourcecode.swift; path = SpotViewModel.swift; sourceTree = "<group>"; };
		9FB9D812296988E600BF09BD /* Photo.swift */ = {isa = PBXFileReference; lastKnownFileType = sourcecode.swift; path = Photo.swift; sourceTree = "<group>"; };
		9FB9D8142969958900BF09BD /* PhotoView.swift */ = {isa = PBXFileReference; lastKnownFileType = sourcecode.swift; path = PhotoView.swift; sourceTree = "<group>"; };
		9FB9D8172969983400BF09BD /* daves-hot.png */ = {isa = PBXFileReference; lastKnownFileType = image.png; path = "daves-hot.png"; sourceTree = "<group>"; };
		9FB9D8182969983400BF09BD /* scicillian-pie.jpeg */ = {isa = PBXFileReference; lastKnownFileType = image.jpeg; path = "scicillian-pie.jpeg"; sourceTree = "<group>"; };
		9FB9D8192969983400BF09BD /* Island Creek.jpg */ = {isa = PBXFileReference; lastKnownFileType = image.jpeg; path = "Island Creek.jpg"; sourceTree = "<group>"; };
		9FB9D81A2969983400BF09BD /* unhappypizza.jpg */ = {isa = PBXFileReference; lastKnownFileType = image.jpeg; path = unhappypizza.jpg; sourceTree = "<group>"; };
		9FB9D81B2969983400BF09BD /* Oysters.jpg */ = {isa = PBXFileReference; lastKnownFileType = image.jpeg; path = Oysters.jpg; sourceTree = "<group>"; };
		9FB9D81C2969983400BF09BD /* ShakeDog.jpg */ = {isa = PBXFileReference; lastKnownFileType = image.jpeg; path = ShakeDog.jpg; sourceTree = "<group>"; };
		9FB9D81D2969983400BF09BD /* Shack Burger.jpg */ = {isa = PBXFileReference; lastKnownFileType = image.jpeg; path = "Shack Burger.jpg"; sourceTree = "<group>"; };
		9FB9D81E2969983400BF09BD /* Sicillian.jpg */ = {isa = PBXFileReference; lastKnownFileType = image.jpeg; path = Sicillian.jpg; sourceTree = "<group>"; };
		9FB9D81F2969983400BF09BD /* horchata.jpg */ = {isa = PBXFileReference; lastKnownFileType = image.jpeg; path = horchata.jpg; sourceTree = "<group>"; };
		9FB9D8202969983400BF09BD /* pinos2.jpeg */ = {isa = PBXFileReference; lastKnownFileType = image.jpeg; path = pinos2.jpeg; sourceTree = "<group>"; };
		9FB9D8212969983400BF09BD /* ep burrito.jpg */ = {isa = PBXFileReference; lastKnownFileType = image.jpeg; path = "ep burrito.jpg"; sourceTree = "<group>"; };
		9FB9D8222969983400BF09BD /* El Pelon.jpg */ = {isa = PBXFileReference; lastKnownFileType = image.jpeg; path = "El Pelon.jpg"; sourceTree = "<group>"; };
		9FB9D8232969983400BF09BD /* my-place-3.jpeg */ = {isa = PBXFileReference; lastKnownFileType = image.jpeg; path = "my-place-3.jpeg"; sourceTree = "<group>"; };
		9FB9D8242969983400BF09BD /* Lobster Roll.jpg */ = {isa = PBXFileReference; lastKnownFileType = image.jpeg; path = "Lobster Roll.jpg"; sourceTree = "<group>"; };
		9FB9D8252969983400BF09BD /* Cheese Fries.jpeg */ = {isa = PBXFileReference; lastKnownFileType = image.jpeg; path = "Cheese Fries.jpeg"; sourceTree = "<group>"; };
		9FB9D8262969983400BF09BD /* tacos.jpg */ = {isa = PBXFileReference; lastKnownFileType = image.jpeg; path = tacos.jpg; sourceTree = "<group>"; };
		9FB9D8272969983400BF09BD /* square.jpeg */ = {isa = PBXFileReference; lastKnownFileType = image.jpeg; path = square.jpeg; sourceTree = "<group>"; };
		9FB9D8282969983400BF09BD /* Fish Tacos.jpg */ = {isa = PBXFileReference; lastKnownFileType = image.jpeg; path = "Fish Tacos.jpg"; sourceTree = "<group>"; };
		9FB9D8292969983400BF09BD /* burrito.jpg */ = {isa = PBXFileReference; lastKnownFileType = image.jpeg; path = burrito.jpg; sourceTree = "<group>"; };
		9FB9D82A2969983400BF09BD /* surf n turf shake shack.jpeg */ = {isa = PBXFileReference; lastKnownFileType = image.jpeg; path = "surf n turf shake shack.jpeg"; sourceTree = "<group>"; };
		9FB9D82B2969983400BF09BD /* Shake Shack.jpg */ = {isa = PBXFileReference; lastKnownFileType = image.jpeg; path = "Shake Shack.jpg"; sourceTree = "<group>"; };
		9FB9D82C2969983400BF09BD /* my-place-2.jpeg */ = {isa = PBXFileReference; lastKnownFileType = image.jpeg; path = "my-place-2.jpeg"; sourceTree = "<group>"; };
		9FB9D82D2969983400BF09BD /* footballpizza.jpg */ = {isa = PBXFileReference; lastKnownFileType = image.jpeg; path = footballpizza.jpg; sourceTree = "<group>"; };
		9FB9D82E2969983400BF09BD /* pizza2.jpg */ = {isa = PBXFileReference; lastKnownFileType = image.jpeg; path = pizza2.jpg; sourceTree = "<group>"; };
		9FB9D82F2969983400BF09BD /* Concretes.jpg */ = {isa = PBXFileReference; lastKnownFileType = image.jpeg; path = Concretes.jpg; sourceTree = "<group>"; };
		9FB9D8302969983400BF09BD /* Chicken Pita.jpg */ = {isa = PBXFileReference; lastKnownFileType = image.jpeg; path = "Chicken Pita.jpg"; sourceTree = "<group>"; };
		9FB9D8312969983400BF09BD /* sea bass.jpg */ = {isa = PBXFileReference; lastKnownFileType = image.jpeg; path = "sea bass.jpg"; sourceTree = "<group>"; };
		9FB9D8322969983400BF09BD /* daves-hot-3.jpeg */ = {isa = PBXFileReference; lastKnownFileType = image.jpeg; path = "daves-hot-3.jpeg"; sourceTree = "<group>"; };
		9FB9D8332969983400BF09BD /* Shack Tray.jpg */ = {isa = PBXFileReference; lastKnownFileType = image.jpeg; path = "Shack Tray.jpg"; sourceTree = "<group>"; };
		9FB9D8342969983400BF09BD /* pinos.jpeg */ = {isa = PBXFileReference; lastKnownFileType = image.jpeg; path = pinos.jpeg; sourceTree = "<group>"; };
		9FB9D8352969983400BF09BD /* Shake.jpg */ = {isa = PBXFileReference; lastKnownFileType = image.jpeg; path = Shake.jpg; sourceTree = "<group>"; };
		9FB9D8362969983400BF09BD /* shaq.jpg */ = {isa = PBXFileReference; lastKnownFileType = image.jpeg; path = shaq.jpg; sourceTree = "<group>"; };
		9FB9D8372969983400BF09BD /* seafood.jpg */ = {isa = PBXFileReference; lastKnownFileType = image.jpeg; path = seafood.jpg; sourceTree = "<group>"; };
		9FB9D8382969983400BF09BD /* daves-hot-2.jpeg */ = {isa = PBXFileReference; lastKnownFileType = image.jpeg; path = "daves-hot-2.jpeg"; sourceTree = "<group>"; };
		9FB9D8392969983400BF09BD /* my-place-by-the-sea.jpeg */ = {isa = PBXFileReference; lastKnownFileType = image.jpeg; path = "my-place-by-the-sea.jpeg"; sourceTree = "<group>"; };
		9FB9D83A2969983400BF09BD /* qahogs.jpg */ = {isa = PBXFileReference; lastKnownFileType = image.jpeg; path = qahogs.jpg; sourceTree = "<group>"; };
		9FB9D83B2969983400BF09BD /* ShakeShack.jpg */ = {isa = PBXFileReference; lastKnownFileType = image.jpeg; path = ShakeShack.jpg; sourceTree = "<group>"; };
		9FB9D83C2969983400BF09BD /* Oyster-plate.jpeg */ = {isa = PBXFileReference; lastKnownFileType = image.jpeg; path = "Oyster-plate.jpeg"; sourceTree = "<group>"; };
		9FB9D83D2969983400BF09BD /* pizza.jpg */ = {isa = PBXFileReference; lastKnownFileType = image.jpeg; path = pizza.jpg; sourceTree = "<group>"; };
		9FB9D83E2969983400BF09BD /* Sicillian with the noid.jpg */ = {isa = PBXFileReference; lastKnownFileType = image.jpeg; path = "Sicillian with the noid.jpg"; sourceTree = "<group>"; };
		9FB9D83F2969983400BF09BD /* Oyster Slider.jpg */ = {isa = PBXFileReference; lastKnownFileType = image.jpeg; path = "Oyster Slider.jpg"; sourceTree = "<group>"; };
		9FC98596292BC0F000F58E83 /* LocationManager.swift */ = {isa = PBXFileReference; fileEncoding = 4; lastKnownFileType = sourcecode.swift; path = LocationManager.swift; sourceTree = "<group>"; };
		9FC98597292BC0F000F58E83 /* PlaceViewModel.swift */ = {isa = PBXFileReference; fileEncoding = 4; lastKnownFileType = sourcecode.swift; path = PlaceViewModel.swift; sourceTree = "<group>"; };
		9FC98598292BC0F000F58E83 /* Place.swift */ = {isa = PBXFileReference; fileEncoding = 4; lastKnownFileType = sourcecode.swift; path = Place.swift; sourceTree = "<group>"; };
		9FC98599292BC0F000F58E83 /* PlaceLookupView.swift */ = {isa = PBXFileReference; fileEncoding = 4; lastKnownFileType = sourcecode.swift; path = PlaceLookupView.swift; sourceTree = "<group>"; };
		9FCB425B296DD8120062EFC8 /* SpotDetailPhotosScrollView.swift */ = {isa = PBXFileReference; lastKnownFileType = sourcecode.swift; path = SpotDetailPhotosScrollView.swift; sourceTree = "<group>"; };
		9FE5D8462919780200D7B9BD /* SnacktacularUI.app */ = {isa = PBXFileReference; explicitFileType = wrapper.application; includeInIndex = 0; path = SnacktacularUI.app; sourceTree = BUILT_PRODUCTS_DIR; };
		9FE5D8492919780200D7B9BD /* SnacktacularUIApp.swift */ = {isa = PBXFileReference; lastKnownFileType = sourcecode.swift; path = SnacktacularUIApp.swift; sourceTree = "<group>"; };
		9FE5D84B2919780200D7B9BD /* LoginView.swift */ = {isa = PBXFileReference; lastKnownFileType = sourcecode.swift; path = LoginView.swift; sourceTree = "<group>"; };
		9FE5D84D2919780400D7B9BD /* Assets.xcassets */ = {isa = PBXFileReference; lastKnownFileType = folder.assetcatalog; path = Assets.xcassets; sourceTree = "<group>"; };
		9FE5D8502919780400D7B9BD /* Preview Assets.xcassets */ = {isa = PBXFileReference; lastKnownFileType = folder.assetcatalog; path = "Preview Assets.xcassets"; sourceTree = "<group>"; };
		9FE5D8572919799A00D7B9BD /* Info.plist */ = {isa = PBXFileReference; lastKnownFileType = text.plist; path = Info.plist; sourceTree = "<group>"; };
		9FE5D861291991C900D7B9BD /* GoogleService-Info.plist */ = {isa = PBXFileReference; fileEncoding = 4; lastKnownFileType = text.plist.xml; path = "GoogleService-Info.plist"; sourceTree = "<group>"; };
		9FE5D863291BFAAB00D7B9BD /* ListView.swift */ = {isa = PBXFileReference; lastKnownFileType = sourcecode.swift; path = ListView.swift; sourceTree = "<group>"; };
/* End PBXFileReference section */

/* Begin PBXFrameworksBuildPhase section */
		9FE5D8432919780200D7B9BD /* Frameworks */ = {
			isa = PBXFrameworksBuildPhase;
			buildActionMask = 2147483647;
			files = (
				9FE5D85A29198F9900D7B9BD /* FirebaseAuth in Frameworks */,
				9FE5D86029198F9900D7B9BD /* FirebaseStorage in Frameworks */,
				9FE5D85C29198F9900D7B9BD /* FirebaseFirestore in Frameworks */,
				9FE5D85E29198F9900D7B9BD /* FirebaseFirestoreSwift in Frameworks */,
			);
			runOnlyForDeploymentPostprocessing = 0;
		};
/* End PBXFrameworksBuildPhase section */

/* Begin PBXGroup section */
		9F27968D2935541C00E78E36 /* Models */ = {
			isa = PBXGroup;
			children = (
				9FC98598292BC0F000F58E83 /* Place.swift */,
				9FB9D812296988E600BF09BD /* Photo.swift */,
				9F52F43A292030FC00A1C89E /* Spot.swift */,
				9F2796902935549800E78E36 /* Review.swift */,
			);
			path = Models;
			sourceTree = "<group>";
		};
		9F27968E2935543300E78E36 /* ViewModels */ = {
			isa = PBXGroup;
			children = (
				9F52F43E29211BA300A1C89E /* SpotViewModel.swift */,
				9F27969A29367D4100E78E36 /* ReviewViewModel.swift */,
				9FC98596292BC0F000F58E83 /* LocationManager.swift */,
				9FC98597292BC0F000F58E83 /* PlaceViewModel.swift */,
			);
			path = ViewModels;
			sourceTree = "<group>";
		};
		9F27968F2935545D00E78E36 /* Views */ = {
			isa = PBXGroup;
			children = (
				9FE5D84B2919780200D7B9BD /* LoginView.swift */,
				9FE5D863291BFAAB00D7B9BD /* ListView.swift */,
				9F52F43C2921175C00A1C89E /* SpotDetailView.swift */,
				9FCB425B296DD8120062EFC8 /* SpotDetailPhotosScrollView.swift */,
				9F2C3809293B289300B88FC8 /* SpotReviewRowView.swift */,
				9FC98599292BC0F000F58E83 /* PlaceLookupView.swift */,
				9F2796962935581F00E78E36 /* ReviewView.swift */,
				9FB9D8142969958900BF09BD /* PhotoView.swift */,
				9F2796982936685900E78E36 /* StarsSelectionView.swift */,
			);
			path = Views;
			sourceTree = "<group>";
		};
		9FB9D8162969983400BF09BD /* Food Images */ = {
			isa = PBXGroup;
			children = (
				9FB9D8172969983400BF09BD /* daves-hot.png */,
				9FB9D8182969983400BF09BD /* scicillian-pie.jpeg */,
				9FB9D8192969983400BF09BD /* Island Creek.jpg */,
				9FB9D81A2969983400BF09BD /* unhappypizza.jpg */,
				9FB9D81B2969983400BF09BD /* Oysters.jpg */,
				9FB9D81C2969983400BF09BD /* ShakeDog.jpg */,
				9FB9D81D2969983400BF09BD /* Shack Burger.jpg */,
				9FB9D81E2969983400BF09BD /* Sicillian.jpg */,
				9FB9D81F2969983400BF09BD /* horchata.jpg */,
				9FB9D8202969983400BF09BD /* pinos2.jpeg */,
				9FB9D8212969983400BF09BD /* ep burrito.jpg */,
				9FB9D8222969983400BF09BD /* El Pelon.jpg */,
				9FB9D8232969983400BF09BD /* my-place-3.jpeg */,
				9FB9D8242969983400BF09BD /* Lobster Roll.jpg */,
				9FB9D8252969983400BF09BD /* Cheese Fries.jpeg */,
				9FB9D8262969983400BF09BD /* tacos.jpg */,
				9FB9D8272969983400BF09BD /* square.jpeg */,
				9FB9D8282969983400BF09BD /* Fish Tacos.jpg */,
				9FB9D8292969983400BF09BD /* burrito.jpg */,
				9FB9D82A2969983400BF09BD /* surf n turf shake shack.jpeg */,
				9FB9D82B2969983400BF09BD /* Shake Shack.jpg */,
				9FB9D82C2969983400BF09BD /* my-place-2.jpeg */,
				9FB9D82D2969983400BF09BD /* footballpizza.jpg */,
				9FB9D82E2969983400BF09BD /* pizza2.jpg */,
				9FB9D82F2969983400BF09BD /* Concretes.jpg */,
				9FB9D8302969983400BF09BD /* Chicken Pita.jpg */,
				9FB9D8312969983400BF09BD /* sea bass.jpg */,
				9FB9D8322969983400BF09BD /* daves-hot-3.jpeg */,
				9FB9D8332969983400BF09BD /* Shack Tray.jpg */,
				9FB9D8342969983400BF09BD /* pinos.jpeg */,
				9FB9D8352969983400BF09BD /* Shake.jpg */,
				9FB9D8362969983400BF09BD /* shaq.jpg */,
				9FB9D8372969983400BF09BD /* seafood.jpg */,
				9FB9D8382969983400BF09BD /* daves-hot-2.jpeg */,
				9FB9D8392969983400BF09BD /* my-place-by-the-sea.jpeg */,
				9FB9D83A2969983400BF09BD /* qahogs.jpg */,
				9FB9D83B2969983400BF09BD /* ShakeShack.jpg */,
				9FB9D83C2969983400BF09BD /* Oyster-plate.jpeg */,
				9FB9D83D2969983400BF09BD /* pizza.jpg */,
				9FB9D83E2969983400BF09BD /* Sicillian with the noid.jpg */,
				9FB9D83F2969983400BF09BD /* Oyster Slider.jpg */,
			);
			name = "Food Images";
			path = "../../../Downloads/Food Images";
			sourceTree = "<group>";
		};
		9FE5D83D2919780200D7B9BD = {
			isa = PBXGroup;
			children = (
				9FE5D8482919780200D7B9BD /* SnacktacularUI */,
				9FE5D8472919780200D7B9BD /* Products */,
			);
			sourceTree = "<group>";
		};
		9FE5D8472919780200D7B9BD /* Products */ = {
			isa = PBXGroup;
			children = (
				9FE5D8462919780200D7B9BD /* SnacktacularUI.app */,
			);
			name = Products;
			sourceTree = "<group>";
		};
		9FE5D8482919780200D7B9BD /* SnacktacularUI */ = {
			isa = PBXGroup;
			children = (
				9FE5D8572919799A00D7B9BD /* Info.plist */,
				9FE5D8492919780200D7B9BD /* SnacktacularUIApp.swift */,
				9F27968D2935541C00E78E36 /* Models */,
				9F27968E2935543300E78E36 /* ViewModels */,
				9F27968F2935545D00E78E36 /* Views */,
				9FB9D8162969983400BF09BD /* Food Images */,
				9FE5D84D2919780400D7B9BD /* Assets.xcassets */,
				9FE5D861291991C900D7B9BD /* GoogleService-Info.plist */,
				9FE5D84F2919780400D7B9BD /* Preview Content */,
			);
			path = SnacktacularUI;
			sourceTree = "<group>";
		};
		9FE5D84F2919780400D7B9BD /* Preview Content */ = {
			isa = PBXGroup;
			children = (
				9FE5D8502919780400D7B9BD /* Preview Assets.xcassets */,
			);
			path = "Preview Content";
			sourceTree = "<group>";
		};
/* End PBXGroup section */

/* Begin PBXNativeTarget section */
		9FE5D8452919780200D7B9BD /* SnacktacularUI */ = {
			isa = PBXNativeTarget;
			buildConfigurationList = 9FE5D8542919780400D7B9BD /* Build configuration list for PBXNativeTarget "SnacktacularUI" */;
			buildPhases = (
				9FE5D8422919780200D7B9BD /* Sources */,
				9FE5D8432919780200D7B9BD /* Frameworks */,
				9FE5D8442919780200D7B9BD /* Resources */,
			);
			buildRules = (
			);
			dependencies = (
			);
			name = SnacktacularUI;
			packageProductDependencies = (
				9FE5D85929198F9900D7B9BD /* FirebaseAuth */,
				9FE5D85B29198F9900D7B9BD /* FirebaseFirestore */,
				9FE5D85D29198F9900D7B9BD /* FirebaseFirestoreSwift */,
				9FE5D85F29198F9900D7B9BD /* FirebaseStorage */,
			);
			productName = SnacktacularUI;
			productReference = 9FE5D8462919780200D7B9BD /* SnacktacularUI.app */;
			productType = "com.apple.product-type.application";
		};
/* End PBXNativeTarget section */

/* Begin PBXProject section */
		9FE5D83E2919780200D7B9BD /* Project object */ = {
			isa = PBXProject;
			attributes = {
				BuildIndependentTargetsInParallel = 1;
				LastSwiftUpdateCheck = 1410;
				LastUpgradeCheck = 1410;
				TargetAttributes = {
					9FE5D8452919780200D7B9BD = {
						CreatedOnToolsVersion = 14.1;
					};
				};
			};
			buildConfigurationList = 9FE5D8412919780200D7B9BD /* Build configuration list for PBXProject "SnacktacularUI" */;
			compatibilityVersion = "Xcode 14.0";
			developmentRegion = en;
			hasScannedForEncodings = 0;
			knownRegions = (
				en,
				Base,
			);
			mainGroup = 9FE5D83D2919780200D7B9BD;
			packageReferences = (
				9FE5D85829198F9900D7B9BD /* XCRemoteSwiftPackageReference "firebase-ios-sdk" */,
			);
			productRefGroup = 9FE5D8472919780200D7B9BD /* Products */;
			projectDirPath = "";
			projectRoot = "";
			targets = (
				9FE5D8452919780200D7B9BD /* SnacktacularUI */,
			);
		};
/* End PBXProject section */

/* Begin PBXResourcesBuildPhase section */
		9FE5D8442919780200D7B9BD /* Resources */ = {
			isa = PBXResourcesBuildPhase;
			buildActionMask = 2147483647;
			files = (
				9FB9D8532969983400BF09BD /* surf n turf shake shack.jpeg in Resources */,
				9FB9D8682969983400BF09BD /* Oyster Slider.jpg in Resources */,
				9FB9D8462969983400BF09BD /* Shack Burger.jpg in Resources */,
				9FB9D8662969983400BF09BD /* pizza.jpg in Resources */,
				9FB9D85E2969983400BF09BD /* Shake.jpg in Resources */,
				9FB9D8522969983400BF09BD /* burrito.jpg in Resources */,
				9FB9D85B2969983400BF09BD /* daves-hot-3.jpeg in Resources */,
				9FB9D8422969983400BF09BD /* Island Creek.jpg in Resources */,
				9FB9D8452969983400BF09BD /* ShakeDog.jpg in Resources */,
				9FB9D84F2969983400BF09BD /* tacos.jpg in Resources */,
				9FB9D85C2969983400BF09BD /* Shack Tray.jpg in Resources */,
				9FB9D8472969983400BF09BD /* Sicillian.jpg in Resources */,
				9FB9D84B2969983400BF09BD /* El Pelon.jpg in Resources */,
				9FB9D85F2969983400BF09BD /* shaq.jpg in Resources */,
				9FB9D8672969983400BF09BD /* Sicillian with the noid.jpg in Resources */,
				9FE5D8512919780400D7B9BD /* Preview Assets.xcassets in Resources */,
				9FB9D8412969983400BF09BD /* scicillian-pie.jpeg in Resources */,
				9FB9D8582969983400BF09BD /* Concretes.jpg in Resources */,
				9FB9D8492969983400BF09BD /* pinos2.jpeg in Resources */,
				9FB9D84D2969983400BF09BD /* Lobster Roll.jpg in Resources */,
				9FB9D8542969983400BF09BD /* Shake Shack.jpg in Resources */,
				9FB9D8562969983400BF09BD /* footballpizza.jpg in Resources */,
				9FB9D8602969983400BF09BD /* seafood.jpg in Resources */,
				9FB9D85A2969983400BF09BD /* sea bass.jpg in Resources */,
				9FB9D84E2969983400BF09BD /* Cheese Fries.jpeg in Resources */,
				9FB9D8512969983400BF09BD /* Fish Tacos.jpg in Resources */,
				9FB9D8442969983400BF09BD /* Oysters.jpg in Resources */,
				9FB9D8652969983400BF09BD /* Oyster-plate.jpeg in Resources */,
				9FB9D8502969983400BF09BD /* square.jpeg in Resources */,
				9FE5D84E2919780400D7B9BD /* Assets.xcassets in Resources */,
				9FB9D8552969983400BF09BD /* my-place-2.jpeg in Resources */,
				9FB9D8642969983400BF09BD /* ShakeShack.jpg in Resources */,
				9FE5D862291991C900D7B9BD /* GoogleService-Info.plist in Resources */,
				9FB9D84C2969983400BF09BD /* my-place-3.jpeg in Resources */,
				9FB9D8632969983400BF09BD /* qahogs.jpg in Resources */,
				9FB9D8612969983400BF09BD /* daves-hot-2.jpeg in Resources */,
				9FB9D8482969983400BF09BD /* horchata.jpg in Resources */,
				9FB9D85D2969983400BF09BD /* pinos.jpeg in Resources */,
				9FB9D8432969983400BF09BD /* unhappypizza.jpg in Resources */,
				9FB9D8592969983400BF09BD /* Chicken Pita.jpg in Resources */,
				9FB9D8622969983400BF09BD /* my-place-by-the-sea.jpeg in Resources */,
				9FB9D8572969983400BF09BD /* pizza2.jpg in Resources */,
				9FB9D8402969983400BF09BD /* daves-hot.png in Resources */,
				9FB9D84A2969983400BF09BD /* ep burrito.jpg in Resources */,
			);
			runOnlyForDeploymentPostprocessing = 0;
		};
/* End PBXResourcesBuildPhase section */

/* Begin PBXSourcesBuildPhase section */
		9FE5D8422919780200D7B9BD /* Sources */ = {
			isa = PBXSourcesBuildPhase;
			buildActionMask = 2147483647;
			files = (
				9FB9D813296988E600BF09BD /* Photo.swift in Sources */,
				9FC9859B292BC0F000F58E83 /* PlaceViewModel.swift in Sources */,
				9F52F43D2921175C00A1C89E /* SpotDetailView.swift in Sources */,
				9FB9D8152969958900BF09BD /* PhotoView.swift in Sources */,
				9F27969B29367D4100E78E36 /* ReviewViewModel.swift in Sources */,
				9FC9859D292BC0F000F58E83 /* PlaceLookupView.swift in Sources */,
				9F2796992936685900E78E36 /* StarsSelectionView.swift in Sources */,
				9FE5D84C2919780200D7B9BD /* LoginView.swift in Sources */,
				9F2C380A293B289300B88FC8 /* SpotReviewRowView.swift in Sources */,
				9F2796972935581F00E78E36 /* ReviewView.swift in Sources */,
				9FCB425C296DD8120062EFC8 /* SpotDetailPhotosScrollView.swift in Sources */,
				9F52F43F29211BA300A1C89E /* SpotViewModel.swift in Sources */,
				9FC9859A292BC0F000F58E83 /* LocationManager.swift in Sources */,
				9F2796912935549800E78E36 /* Review.swift in Sources */,
				9FE5D84A2919780200D7B9BD /* SnacktacularUIApp.swift in Sources */,
				9FC9859C292BC0F000F58E83 /* Place.swift in Sources */,
				9FE5D864291BFAAB00D7B9BD /* ListView.swift in Sources */,
				9F52F43B292030FD00A1C89E /* Spot.swift in Sources */,
			);
			runOnlyForDeploymentPostprocessing = 0;
		};
/* End PBXSourcesBuildPhase section */

/* Begin XCBuildConfiguration section */
		9FE5D8522919780400D7B9BD /* Debug */ = {
			isa = XCBuildConfiguration;
			buildSettings = {
				ALWAYS_SEARCH_USER_PATHS = NO;
				CLANG_ANALYZER_NONNULL = YES;
				CLANG_ANALYZER_NUMBER_OBJECT_CONVERSION = YES_AGGRESSIVE;
				CLANG_CXX_LANGUAGE_STANDARD = "gnu++20";
				CLANG_ENABLE_MODULES = YES;
				CLANG_ENABLE_OBJC_ARC = YES;
				CLANG_ENABLE_OBJC_WEAK = YES;
				CLANG_WARN_BLOCK_CAPTURE_AUTORELEASING = YES;
				CLANG_WARN_BOOL_CONVERSION = YES;
				CLANG_WARN_COMMA = YES;
				CLANG_WARN_CONSTANT_CONVERSION = YES;
				CLANG_WARN_DEPRECATED_OBJC_IMPLEMENTATIONS = YES;
				CLANG_WARN_DIRECT_OBJC_ISA_USAGE = YES_ERROR;
				CLANG_WARN_DOCUMENTATION_COMMENTS = YES;
				CLANG_WARN_EMPTY_BODY = YES;
				CLANG_WARN_ENUM_CONVERSION = YES;
				CLANG_WARN_INFINITE_RECURSION = YES;
				CLANG_WARN_INT_CONVERSION = YES;
				CLANG_WARN_NON_LITERAL_NULL_CONVERSION = YES;
				CLANG_WARN_OBJC_IMPLICIT_RETAIN_SELF = YES;
				CLANG_WARN_OBJC_LITERAL_CONVERSION = YES;
				CLANG_WARN_OBJC_ROOT_CLASS = YES_ERROR;
				CLANG_WARN_QUOTED_INCLUDE_IN_FRAMEWORK_HEADER = YES;
				CLANG_WARN_RANGE_LOOP_ANALYSIS = YES;
				CLANG_WARN_STRICT_PROTOTYPES = YES;
				CLANG_WARN_SUSPICIOUS_MOVE = YES;
				CLANG_WARN_UNGUARDED_AVAILABILITY = YES_AGGRESSIVE;
				CLANG_WARN_UNREACHABLE_CODE = YES;
				CLANG_WARN__DUPLICATE_METHOD_MATCH = YES;
				COPY_PHASE_STRIP = NO;
				DEBUG_INFORMATION_FORMAT = dwarf;
				ENABLE_STRICT_OBJC_MSGSEND = YES;
				ENABLE_TESTABILITY = YES;
				GCC_C_LANGUAGE_STANDARD = gnu11;
				GCC_DYNAMIC_NO_PIC = NO;
				GCC_NO_COMMON_BLOCKS = YES;
				GCC_OPTIMIZATION_LEVEL = 0;
				GCC_PREPROCESSOR_DEFINITIONS = (
					"DEBUG=1",
					"$(inherited)",
				);
				GCC_WARN_64_TO_32_BIT_CONVERSION = YES;
				GCC_WARN_ABOUT_RETURN_TYPE = YES_ERROR;
				GCC_WARN_UNDECLARED_SELECTOR = YES;
				GCC_WARN_UNINITIALIZED_AUTOS = YES_AGGRESSIVE;
				GCC_WARN_UNUSED_FUNCTION = YES;
				GCC_WARN_UNUSED_VARIABLE = YES;
				IPHONEOS_DEPLOYMENT_TARGET = 16.1;
				MTL_ENABLE_DEBUG_INFO = INCLUDE_SOURCE;
				MTL_FAST_MATH = YES;
				ONLY_ACTIVE_ARCH = YES;
				SDKROOT = iphoneos;
				SWIFT_ACTIVE_COMPILATION_CONDITIONS = DEBUG;
				SWIFT_OPTIMIZATION_LEVEL = "-Onone";
			};
			name = Debug;
		};
		9FE5D8532919780400D7B9BD /* Release */ = {
			isa = XCBuildConfiguration;
			buildSettings = {
				ALWAYS_SEARCH_USER_PATHS = NO;
				CLANG_ANALYZER_NONNULL = YES;
				CLANG_ANALYZER_NUMBER_OBJECT_CONVERSION = YES_AGGRESSIVE;
				CLANG_CXX_LANGUAGE_STANDARD = "gnu++20";
				CLANG_ENABLE_MODULES = YES;
				CLANG_ENABLE_OBJC_ARC = YES;
				CLANG_ENABLE_OBJC_WEAK = YES;
				CLANG_WARN_BLOCK_CAPTURE_AUTORELEASING = YES;
				CLANG_WARN_BOOL_CONVERSION = YES;
				CLANG_WARN_COMMA = YES;
				CLANG_WARN_CONSTANT_CONVERSION = YES;
				CLANG_WARN_DEPRECATED_OBJC_IMPLEMENTATIONS = YES;
				CLANG_WARN_DIRECT_OBJC_ISA_USAGE = YES_ERROR;
				CLANG_WARN_DOCUMENTATION_COMMENTS = YES;
				CLANG_WARN_EMPTY_BODY = YES;
				CLANG_WARN_ENUM_CONVERSION = YES;
				CLANG_WARN_INFINITE_RECURSION = YES;
				CLANG_WARN_INT_CONVERSION = YES;
				CLANG_WARN_NON_LITERAL_NULL_CONVERSION = YES;
				CLANG_WARN_OBJC_IMPLICIT_RETAIN_SELF = YES;
				CLANG_WARN_OBJC_LITERAL_CONVERSION = YES;
				CLANG_WARN_OBJC_ROOT_CLASS = YES_ERROR;
				CLANG_WARN_QUOTED_INCLUDE_IN_FRAMEWORK_HEADER = YES;
				CLANG_WARN_RANGE_LOOP_ANALYSIS = YES;
				CLANG_WARN_STRICT_PROTOTYPES = YES;
				CLANG_WARN_SUSPICIOUS_MOVE = YES;
				CLANG_WARN_UNGUARDED_AVAILABILITY = YES_AGGRESSIVE;
				CLANG_WARN_UNREACHABLE_CODE = YES;
				CLANG_WARN__DUPLICATE_METHOD_MATCH = YES;
				COPY_PHASE_STRIP = NO;
				DEBUG_INFORMATION_FORMAT = "dwarf-with-dsym";
				ENABLE_NS_ASSERTIONS = NO;
				ENABLE_STRICT_OBJC_MSGSEND = YES;
				GCC_C_LANGUAGE_STANDARD = gnu11;
				GCC_NO_COMMON_BLOCKS = YES;
				GCC_WARN_64_TO_32_BIT_CONVERSION = YES;
				GCC_WARN_ABOUT_RETURN_TYPE = YES_ERROR;
				GCC_WARN_UNDECLARED_SELECTOR = YES;
				GCC_WARN_UNINITIALIZED_AUTOS = YES_AGGRESSIVE;
				GCC_WARN_UNUSED_FUNCTION = YES;
				GCC_WARN_UNUSED_VARIABLE = YES;
				IPHONEOS_DEPLOYMENT_TARGET = 16.1;
				MTL_ENABLE_DEBUG_INFO = NO;
				MTL_FAST_MATH = YES;
				SDKROOT = iphoneos;
				SWIFT_COMPILATION_MODE = wholemodule;
				SWIFT_OPTIMIZATION_LEVEL = "-O";
				VALIDATE_PRODUCT = YES;
			};
			name = Release;
		};
		9FE5D8552919780400D7B9BD /* Debug */ = {
			isa = XCBuildConfiguration;
			buildSettings = {
				ASSETCATALOG_COMPILER_APPICON_NAME = AppIcon;
				ASSETCATALOG_COMPILER_GLOBAL_ACCENT_COLOR_NAME = AccentColor;
				CODE_SIGN_STYLE = Automatic;
				CURRENT_PROJECT_VERSION = 1;
				DEVELOPMENT_ASSET_PATHS = "\"SnacktacularUI/Preview Content\"";
				DEVELOPMENT_TEAM = 9N3Q2RP6ZK;
				ENABLE_PREVIEWS = YES;
				GENERATE_INFOPLIST_FILE = YES;
				INFOPLIST_FILE = SnacktacularUI/Info.plist;
				INFOPLIST_KEY_LSApplicationCategoryType = "";
				INFOPLIST_KEY_NSLocationAlwaysAndWhenInUseUsageDescription = "This app requires acces to the Device's location";
				INFOPLIST_KEY_NSLocationWhenInUseUsageDescription = "This app requires acces to the Device's location";
				INFOPLIST_KEY_UIApplicationSceneManifest_Generation = YES;
				INFOPLIST_KEY_UIApplicationSupportsIndirectInputEvents = YES;
				INFOPLIST_KEY_UISupportedInterfaceOrientations_iPad = "UIInterfaceOrientationPortrait UIInterfaceOrientationPortraitUpsideDown UIInterfaceOrientationLandscapeLeft UIInterfaceOrientationLandscapeRight";
				INFOPLIST_KEY_UISupportedInterfaceOrientations_iPhone = "UIInterfaceOrientationPortrait UIInterfaceOrientationLandscapeLeft UIInterfaceOrientationLandscapeRight";
				LD_RUNPATH_SEARCH_PATHS = (
					"$(inherited)",
					"@executable_path/Frameworks",
				);
				MARKETING_VERSION = 1.0;
				PRODUCT_BUNDLE_IDENTIFIER = MeanStarJohnnyLion.SnacktacularUI;
				PRODUCT_NAME = "$(TARGET_NAME)";
				SWIFT_EMIT_LOC_STRINGS = YES;
				SWIFT_VERSION = 5.0;
				TARGETED_DEVICE_FAMILY = "1,2";
			};
			name = Debug;
		};
		9FE5D8562919780400D7B9BD /* Release */ = {
			isa = XCBuildConfiguration;
			buildSettings = {
				ASSETCATALOG_COMPILER_APPICON_NAME = AppIcon;
				ASSETCATALOG_COMPILER_GLOBAL_ACCENT_COLOR_NAME = AccentColor;
				CODE_SIGN_STYLE = Automatic;
				CURRENT_PROJECT_VERSION = 1;
				DEVELOPMENT_ASSET_PATHS = "\"SnacktacularUI/Preview Content\"";
				DEVELOPMENT_TEAM = 9N3Q2RP6ZK;
				ENABLE_PREVIEWS = YES;
				GENERATE_INFOPLIST_FILE = YES;
				INFOPLIST_FILE = SnacktacularUI/Info.plist;
				INFOPLIST_KEY_LSApplicationCategoryType = "";
				INFOPLIST_KEY_NSLocationAlwaysAndWhenInUseUsageDescription = "This app requires acces to the Device's location";
				INFOPLIST_KEY_NSLocationWhenInUseUsageDescription = "This app requires acces to the Device's location";
				INFOPLIST_KEY_UIApplicationSceneManifest_Generation = YES;
				INFOPLIST_KEY_UIApplicationSupportsIndirectInputEvents = YES;
				INFOPLIST_KEY_UISupportedInterfaceOrientations_iPad = "UIInterfaceOrientationPortrait UIInterfaceOrientationPortraitUpsideDown UIInterfaceOrientationLandscapeLeft UIInterfaceOrientationLandscapeRight";
				INFOPLIST_KEY_UISupportedInterfaceOrientations_iPhone = "UIInterfaceOrientationPortrait UIInterfaceOrientationLandscapeLeft UIInterfaceOrientationLandscapeRight";
				LD_RUNPATH_SEARCH_PATHS = (
					"$(inherited)",
					"@executable_path/Frameworks",
				);
				MARKETING_VERSION = 1.0;
				PRODUCT_BUNDLE_IDENTIFIER = MeanStarJohnnyLion.SnacktacularUI;
				PRODUCT_NAME = "$(TARGET_NAME)";
				SWIFT_EMIT_LOC_STRINGS = YES;
				SWIFT_VERSION = 5.0;
				TARGETED_DEVICE_FAMILY = "1,2";
			};
			name = Release;
		};
/* End XCBuildConfiguration section */

/* Begin XCConfigurationList section */
		9FE5D8412919780200D7B9BD /* Build configuration list for PBXProject "SnacktacularUI" */ = {
			isa = XCConfigurationList;
			buildConfigurations = (
				9FE5D8522919780400D7B9BD /* Debug */,
				9FE5D8532919780400D7B9BD /* Release */,
			);
			defaultConfigurationIsVisible = 0;
			defaultConfigurationName = Release;
		};
		9FE5D8542919780400D7B9BD /* Build configuration list for PBXNativeTarget "SnacktacularUI" */ = {
			isa = XCConfigurationList;
			buildConfigurations = (
				9FE5D8552919780400D7B9BD /* Debug */,
				9FE5D8562919780400D7B9BD /* Release */,
			);
			defaultConfigurationIsVisible = 0;
			defaultConfigurationName = Release;
		};
/* End XCConfigurationList section */

/* Begin XCRemoteSwiftPackageReference section */
		9FE5D85829198F9900D7B9BD /* XCRemoteSwiftPackageReference "firebase-ios-sdk" */ = {
			isa = XCRemoteSwiftPackageReference;
			repositoryURL = "https://github.com/firebase/firebase-ios-sdk.git";
			requirement = {
				kind = upToNextMajorVersion;
				minimumVersion = 9.0.0;
			};
		};
/* End XCRemoteSwiftPackageReference section */

/* Begin XCSwiftPackageProductDependency section */
		9FE5D85929198F9900D7B9BD /* FirebaseAuth */ = {
			isa = XCSwiftPackageProductDependency;
			package = 9FE5D85829198F9900D7B9BD /* XCRemoteSwiftPackageReference "firebase-ios-sdk" */;
			productName = FirebaseAuth;
		};
		9FE5D85B29198F9900D7B9BD /* FirebaseFirestore */ = {
			isa = XCSwiftPackageProductDependency;
			package = 9FE5D85829198F9900D7B9BD /* XCRemoteSwiftPackageReference "firebase-ios-sdk" */;
			productName = FirebaseFirestore;
		};
		9FE5D85D29198F9900D7B9BD /* FirebaseFirestoreSwift */ = {
			isa = XCSwiftPackageProductDependency;
			package = 9FE5D85829198F9900D7B9BD /* XCRemoteSwiftPackageReference "firebase-ios-sdk" */;
			productName = FirebaseFirestoreSwift;
		};
		9FE5D85F29198F9900D7B9BD /* FirebaseStorage */ = {
			isa = XCSwiftPackageProductDependency;
			package = 9FE5D85829198F9900D7B9BD /* XCRemoteSwiftPackageReference "firebase-ios-sdk" */;
			productName = FirebaseStorage;
		};
/* End XCSwiftPackageProductDependency section */
	};
	rootObject = 9FE5D83E2919780200D7B9BD /* Project object */;
}
